
Microsoft Visual Studio Solution File, Format Version 12.00
# Visual Studio Version 17
VisualStudioVersion = 17.3.32929.385
MinimumVisualStudioVersion = 10.0.40219.1
Project("{9A19103F-16F7-4668-BE54-9A1E7A4F7556}") = "TriangleProject.Server", "Server\TriangleProject.Server.csproj", "{C99128EA-5019-4208-90EE-04739CFCEEAD}"
EndProject
Project("{9A19103F-16F7-4668-BE54-9A1E7A4F7556}") = "TriangleProject.Client", "Client\TriangleProject.Client.csproj", "{492E1247-C4C9-4A57-817F-0B12F0195A3F}"
EndProject
Project("{9A19103F-16F7-4668-BE54-9A1E7A4F7556}") = "TriangleProject.Shared", "Shared\TriangleProject.Shared.csproj", "{CB22814D-F974-41D6-BB39-91BB73E54BC5}"
EndProject
Global
	GlobalSection(SolutionConfigurationPlatforms) = preSolution
		Debug|Any CPU = Debug|Any CPU
		Release|Any CPU = Release|Any CPU
	EndGlobalSection
	GlobalSection(ProjectConfigurationPlatforms) = postSolution
		{C99128EA-5019-4208-90EE-04739CFCEEAD}.Debug|Any CPU.ActiveCfg = Debug|Any CPU
		{C99128EA-5019-4208-90EE-04739CFCEEAD}.Debug|Any CPU.Build.0 = Debug|Any CPU
		{C99128EA-5019-4208-90EE-04739CFCEEAD}.Release|Any CPU.ActiveCfg = Release|Any CPU
		{C99128EA-5019-4208-90EE-04739CFCEEAD}.Release|Any CPU.Build.0 = Release|Any CPU
		{492E1247-C4C9-4A57-817F-0B12F0195A3F}.Debug|Any CPU.ActiveCfg = Debug|Any CPU
		{492E1247-C4C9-4A57-817F-0B12F0195A3F}.Debug|Any CPU.Build.0 = Debug|Any CPU
		{492E1247-C4C9-4A57-817F-0B12F0195A3F}.Release|Any CPU.ActiveCfg = Release|Any CPU
		{492E1247-C4C9-4A57-817F-0B12F0195A3F}.Release|Any CPU.Build.0 = Release|Any CPU
		{CB22814D-F974-41D6-BB39-91BB73E54BC5}.Debug|Any CPU.ActiveCfg = Debug|Any CPU
		{CB22814D-F974-41D6-BB39-91BB73E54BC5}.Debug|Any CPU.Build.0 = Debug|Any CPU
		{CB22814D-F974-41D6-BB39-91BB73E54BC5}.Release|Any CPU.ActiveCfg = Release|Any CPU
		{CB22814D-F974-41D6-BB39-91BB73E54BC5}.Release|Any CPU.Build.0 = Release|Any CPU
	EndGlobalSection
	GlobalSection(SolutionProperties) = preSolution
		HideSolutionNode = FALSE
	EndGlobalSection
	GlobalSection(ExtensibilityGlobals) = postSolution
		SolutionGuid = {8E3A6B82-1204-499D-82AB-3CB061C32A9E}
	EndGlobalSection
EndGlobal
